
Microsoft Visual Studio Solution File, Format Version 12.00
# Visual Studio Version 16
VisualStudioVersion = 16.0.32002.261
MinimumVisualStudioVersion = 10.0.40219.1
Project("{FAE04EC0-301F-11D3-BF4B-00C04F79EFBC}") = "HomeWork2Extra", "HomeWork2Extra\HomeWork2Extra.csproj", "{568CE3BA-A3FA-478E-B306-A50E876166D7}"
EndProject
Global
	GlobalSection(SolutionConfigurationPlatforms) = preSolution
		Debug|Any CPU = Debug|Any CPU
		Release|Any CPU = Release|Any CPU
	EndGlobalSection
	GlobalSection(ProjectConfigurationPlatforms) = postSolution
		{568CE3BA-A3FA-478E-B306-A50E876166D7}.Debug|Any CPU.ActiveCfg = Debug|Any CPU
		{568CE3BA-A3FA-478E-B306-A50E876166D7}.Debug|Any CPU.Build.0 = Debug|Any CPU
		{568CE3BA-A3FA-478E-B306-A50E876166D7}.Release|Any CPU.ActiveCfg = Release|Any CPU
		{568CE3BA-A3FA-478E-B306-A50E876166D7}.Release|Any CPU.Build.0 = Release|Any CPU
	EndGlobalSection
	GlobalSection(SolutionProperties) = preSolution
		HideSolutionNode = FALSE
	EndGlobalSection
	GlobalSection(ExtensibilityGlobals) = postSolution
		SolutionGuid = {0C9005DA-7F82-4618-925E-BFE4F385DD9E}
	EndGlobalSection
EndGlobal
