
Microsoft Visual Studio Solution File, Format Version 12.00
# Visual Studio Version 17
VisualStudioVersion = 17.3.32825.248
MinimumVisualStudioVersion = 10.0.40219.1
Project("{FAE04EC0-301F-11D3-BF4B-00C04F79EFBC}") = "word_count", "word_count\word_count.csproj", "{06CFD61C-8393-405F-AB4E-F9669611083A}"
EndProject
Global
	GlobalSection(SolutionConfigurationPlatforms) = preSolution
		Debug|Any CPU = Debug|Any CPU
		Release|Any CPU = Release|Any CPU
	EndGlobalSection
	GlobalSection(ProjectConfigurationPlatforms) = postSolution
		{06CFD61C-8393-405F-AB4E-F9669611083A}.Debug|Any CPU.ActiveCfg = Debug|Any CPU
		{06CFD61C-8393-405F-AB4E-F9669611083A}.Debug|Any CPU.Build.0 = Debug|Any CPU
		{06CFD61C-8393-405F-AB4E-F9669611083A}.Release|Any CPU.ActiveCfg = Release|Any CPU
		{06CFD61C-8393-405F-AB4E-F9669611083A}.Release|Any CPU.Build.0 = Release|Any CPU
	EndGlobalSection
	GlobalSection(SolutionProperties) = preSolution
		HideSolutionNode = FALSE
	EndGlobalSection
	GlobalSection(ExtensibilityGlobals) = postSolution
		SolutionGuid = {28629648-9930-4FFD-941B-FC90F7080262}
	EndGlobalSection
EndGlobal
